{
	"name": "@hugoalh/advanced-determine",
	"version": "7.0.0-beta.1",
	"lockfileVersion": 1,
	"requires": true,
	"dependencies": {
		"@hugoalh/undefinish": {
			"version": "1.0.6",
			"resolved": "https://registry.npmjs.org/@hugoalh/undefinish/-/undefinish-1.0.6.tgz",
			"integrity": "sha512-HVYBBz3DryZ5nshniLtaCGJIoLIZkgE7LXxXvSBEknReS5ecf32naIhjMeJBo4TQ8kUg6Smq6cOUcfOex9N+7Q=="
		}
	}
}
