{
	"name": "@hugoalh/advanced-determine",
	"version": "6.4.0",
	"lockfileVersion": 1,
	"requires": true,
	"dependencies": {
		"@hugoalh/undefinish": {
			"version": "1.0.2",
			"resolved": "https://registry.npmjs.org/@hugoalh/undefinish/-/undefinish-1.0.2.tgz",
			"integrity": "sha512-awXQ097drNAGlo9GkB4jMtl4gi4r3U1EX/BPPx//1l/dUw16jf/AcjfLfCdMg4bRe+ECOhpeYOu4Ltg6GL1sVA=="
		}
	}
}
