{
	"name": "@hugoalh/advanced-determine",
	"version": "6.4.2",
	"lockfileVersion": 1,
	"requires": true,
	"dependencies": {
		"@hugoalh/undefinish": {
			"version": "1.0.5",
			"resolved": "https://registry.npmjs.org/@hugoalh/undefinish/-/undefinish-1.0.5.tgz",
			"integrity": "sha512-r7GysYvqfEj4v2GORJ1KC/iXkkm52vKK98s0xHOuO0kmuA9T5J+WKwpPw9POSUy4OCzfag+iYb+lyTgBJxNYrA=="
		}
	}
}
